
Microsoft Visual Studio Solution File, Format Version 12.00
# Visual Studio Version 16
VisualStudioVersion = 16.0.31321.278
MinimumVisualStudioVersion = 10.0.40219.1
Project("{8BC9CEB8-8B4A-11D0-8D11-00A0C91BC942}") = "DhlGuias", "DhlGuias\DhlGuias.vcxproj", "{BE4FF616-36CD-40F8-992A-BACE3C82240F}"
EndProject
Global
	GlobalSection(SolutionConfigurationPlatforms) = preSolution
		Debug|x64 = Debug|x64
		Debug|x86 = Debug|x86
		Release|x64 = Release|x64
		Release|x86 = Release|x86
	EndGlobalSection
	GlobalSection(ProjectConfigurationPlatforms) = postSolution
		{BE4FF616-36CD-40F8-992A-BACE3C82240F}.Debug|x64.ActiveCfg = Debug|x64
		{BE4FF616-36CD-40F8-992A-BACE3C82240F}.Debug|x64.Build.0 = Debug|x64
		{BE4FF616-36CD-40F8-992A-BACE3C82240F}.Debug|x86.ActiveCfg = Debug|Win32
		{BE4FF616-36CD-40F8-992A-BACE3C82240F}.Debug|x86.Build.0 = Debug|Win32
		{BE4FF616-36CD-40F8-992A-BACE3C82240F}.Release|x64.ActiveCfg = Release|x64
		{BE4FF616-36CD-40F8-992A-BACE3C82240F}.Release|x64.Build.0 = Release|x64
		{BE4FF616-36CD-40F8-992A-BACE3C82240F}.Release|x86.ActiveCfg = Release|Win32
		{BE4FF616-36CD-40F8-992A-BACE3C82240F}.Release|x86.Build.0 = Release|Win32
	EndGlobalSection
	GlobalSection(SolutionProperties) = preSolution
		HideSolutionNode = FALSE
	EndGlobalSection
	GlobalSection(ExtensibilityGlobals) = postSolution
		SolutionGuid = {335743D0-83CC-4DAC-AF60-58D778B32182}
	EndGlobalSection
EndGlobal
